{
  "requires": true,
  "lockfileVersion": 1,
  "dependencies": {
    "confetti-js": {
      "version": "0.0.11",
      "resolved": "https://registry.npmjs.org/confetti-js/-/confetti-js-0.0.11.tgz",
      "integrity": "sha512-FqtgEsgrP+Xk4hbg672sOOQ4BbA4+JbDL87x8u56xiMjoPuvX6OKLHJatkHb7m8esLS5C7Ry/3FzPfZgM5oGiQ=="
    }
  }
}
